// !$*UTF8*$!
{
	archiveVersion = 1;
	classes = {
	};
	objectVersion = 56;
	objects = {

/* Begin PBXBuildFile section */
		FA0651512C7C69D4009F63F4 /* MetalLesson1.swift in Sources */ = {isa = PBXBuildFile; fileRef = FA0651502C7C69D4009F63F4 /* MetalLesson1.swift */; };
		FA0651532C7C6EE2009F63F4 /* Renderer.swift in Sources */ = {isa = PBXBuildFile; fileRef = FA0651522C7C6EE2009F63F4 /* Renderer.swift */; };
		FA28C1872C68B859000464A1 /* GoogleService-Info.plist in Resources */ = {isa = PBXBuildFile; fileRef = FA28C1862C68B859000464A1 /* GoogleService-Info.plist */; };
		FA28C18C2C68BBE5000464A1 /* FirebaseAnalytics in Frameworks */ = {isa = PBXBuildFile; productRef = FA28C18B2C68BBE5000464A1 /* FirebaseAnalytics */; };
		FA28C18E2C68BBE5000464A1 /* FirebaseAnalyticsOnDeviceConversion in Frameworks */ = {isa = PBXBuildFile; productRef = FA28C18D2C68BBE5000464A1 /* FirebaseAnalyticsOnDeviceConversion */; };
		FA28C1902C68BBE5000464A1 /* FirebaseAnalyticsWithoutAdIdSupport in Frameworks */ = {isa = PBXBuildFile; productRef = FA28C18F2C68BBE5000464A1 /* FirebaseAnalyticsWithoutAdIdSupport */; };
		FA28C1922C68BBE5000464A1 /* FirebaseAppCheck in Frameworks */ = {isa = PBXBuildFile; productRef = FA28C1912C68BBE5000464A1 /* FirebaseAppCheck */; };
		FA28C1942C68BBE5000464A1 /* FirebaseAppDistribution-Beta in Frameworks */ = {isa = PBXBuildFile; productRef = FA28C1932C68BBE5000464A1 /* FirebaseAppDistribution-Beta */; };
		FA28C1962C68BBE5000464A1 /* FirebaseAuth in Frameworks */ = {isa = PBXBuildFile; productRef = FA28C1952C68BBE5000464A1 /* FirebaseAuth */; };
		FA28C1982C68BBE5000464A1 /* FirebaseAuthCombine-Community in Frameworks */ = {isa = PBXBuildFile; productRef = FA28C1972C68BBE5000464A1 /* FirebaseAuthCombine-Community */; };
		FA28C19A2C68BBE5000464A1 /* FirebaseCrashlytics in Frameworks */ = {isa = PBXBuildFile; productRef = FA28C1992C68BBE5000464A1 /* FirebaseCrashlytics */; };
		FA28C19C2C68BBE5000464A1 /* FirebaseDatabase in Frameworks */ = {isa = PBXBuildFile; productRef = FA28C19B2C68BBE5000464A1 /* FirebaseDatabase */; };
		FA28C19E2C68BBE5000464A1 /* FirebaseDynamicLinks in Frameworks */ = {isa = PBXBuildFile; productRef = FA28C19D2C68BBE5000464A1 /* FirebaseDynamicLinks */; };
		FA28C1A02C68BBE5000464A1 /* FirebaseFirestore in Frameworks */ = {isa = PBXBuildFile; productRef = FA28C19F2C68BBE5000464A1 /* FirebaseFirestore */; };
		FA28C1A22C68BBE5000464A1 /* FirebaseFirestoreCombine-Community in Frameworks */ = {isa = PBXBuildFile; productRef = FA28C1A12C68BBE5000464A1 /* FirebaseFirestoreCombine-Community */; };
		FA28C1A42C68BBE5000464A1 /* FirebaseFunctions in Frameworks */ = {isa = PBXBuildFile; productRef = FA28C1A32C68BBE5000464A1 /* FirebaseFunctions */; };
		FA28C1A62C68BBE5000464A1 /* FirebaseFunctionsCombine-Community in Frameworks */ = {isa = PBXBuildFile; productRef = FA28C1A52C68BBE5000464A1 /* FirebaseFunctionsCombine-Community */; };
		FA28C1A82C68BBE5000464A1 /* FirebaseInAppMessaging-Beta in Frameworks */ = {isa = PBXBuildFile; productRef = FA28C1A72C68BBE5000464A1 /* FirebaseInAppMessaging-Beta */; };
		FA28C1AA2C68BBE5000464A1 /* FirebaseInstallations in Frameworks */ = {isa = PBXBuildFile; productRef = FA28C1A92C68BBE5000464A1 /* FirebaseInstallations */; };
		FA28C1AC2C68BBE5000464A1 /* FirebaseMessaging in Frameworks */ = {isa = PBXBuildFile; productRef = FA28C1AB2C68BBE5000464A1 /* FirebaseMessaging */; };
		FA28C1AE2C68BBE5000464A1 /* FirebaseMLModelDownloader in Frameworks */ = {isa = PBXBuildFile; productRef = FA28C1AD2C68BBE5000464A1 /* FirebaseMLModelDownloader */; };
		FA28C1B02C68BBE5000464A1 /* FirebasePerformance in Frameworks */ = {isa = PBXBuildFile; productRef = FA28C1AF2C68BBE5000464A1 /* FirebasePerformance */; };
		FA28C1B22C68BBE5000464A1 /* FirebaseRemoteConfig in Frameworks */ = {isa = PBXBuildFile; productRef = FA28C1B12C68BBE5000464A1 /* FirebaseRemoteConfig */; };
		FA28C1B42C68BBE5000464A1 /* FirebaseStorage in Frameworks */ = {isa = PBXBuildFile; productRef = FA28C1B32C68BBE5000464A1 /* FirebaseStorage */; };
		FA28C1B62C68BBE5000464A1 /* FirebaseStorageCombine-Community in Frameworks */ = {isa = PBXBuildFile; productRef = FA28C1B52C68BBE5000464A1 /* FirebaseStorageCombine-Community */; };
		FA28C1B82C68BBE6000464A1 /* FirebaseVertexAI-Preview in Frameworks */ = {isa = PBXBuildFile; productRef = FA28C1B72C68BBE6000464A1 /* FirebaseVertexAI-Preview */; };
		FA28C1BB2C68C105000464A1 /* FirebaseLog.swift in Sources */ = {isa = PBXBuildFile; fileRef = FA28C1BA2C68C105000464A1 /* FirebaseLog.swift */; };
		FA77D42B2C476FC700F8220D /* TransitionAndBlur.swift in Sources */ = {isa = PBXBuildFile; fileRef = FA77D42A2C476FC700F8220D /* TransitionAndBlur.swift */; };
		FA77D42D2C48F38E00F8220D /* SlipperCard.swift in Sources */ = {isa = PBXBuildFile; fileRef = FA77D42C2C48F38E00F8220D /* SlipperCard.swift */; };
		FA7C07992C4E41E7004C7638 /* CombineViewPage.swift in Sources */ = {isa = PBXBuildFile; fileRef = FA7C07982C4E41E7004C7638 /* CombineViewPage.swift */; };
		FAC02CC12C3CE7B40046D846 /* hundredprojectApp.swift in Sources */ = {isa = PBXBuildFile; fileRef = FAC02CC02C3CE7B40046D846 /* hundredprojectApp.swift */; };
		FAC02CC32C3CE7B40046D846 /* ContentView.swift in Sources */ = {isa = PBXBuildFile; fileRef = FAC02CC22C3CE7B40046D846 /* ContentView.swift */; };
		FAC02CC52C3CE7B40046D846 /* Assets.xcassets in Resources */ = {isa = PBXBuildFile; fileRef = FAC02CC42C3CE7B40046D846 /* Assets.xcassets */; };
		FAC02CC82C3CE7B40046D846 /* Preview Assets.xcassets in Resources */ = {isa = PBXBuildFile; fileRef = FAC02CC72C3CE7B40046D846 /* Preview Assets.xcassets */; };
		FAC02CCF2C3CE86C0046D846 /* ContentViewData.swift in Sources */ = {isa = PBXBuildFile; fileRef = FAC02CCE2C3CE86C0046D846 /* ContentViewData.swift */; };
		FAC02CD42C3CEB820046D846 /* ContentViewButtonStyle.swift in Sources */ = {isa = PBXBuildFile; fileRef = FAC02CD32C3CEB820046D846 /* ContentViewButtonStyle.swift */; };
		FAD649592C5E31390025775F /* GameMainView.swift in Sources */ = {isa = PBXBuildFile; fileRef = FAD649582C5E31390025775F /* GameMainView.swift */; };
		FAD6495C2C5E35A20025775F /* Matrix.swift in Sources */ = {isa = PBXBuildFile; fileRef = FAD6495B2C5E35A20025775F /* Matrix.swift */; };
		FAD6495E2C5E35B90025775F /* GameManager.swift in Sources */ = {isa = PBXBuildFile; fileRef = FAD6495D2C5E35B90025775F /* GameManager.swift */; };
		FAFF2C232C968445003EE3B3 /* UIKitChatApp.swift in Sources */ = {isa = PBXBuildFile; fileRef = FAFF2C222C968445003EE3B3 /* UIKitChatApp.swift */; };
		FAFF2C262C968935003EE3B3 /* ChatAppViewController.xib in Resources */ = {isa = PBXBuildFile; fileRef = FAFF2C252C968935003EE3B3 /* ChatAppViewController.xib */; };
		FAFF2C272C968935003EE3B3 /* ChatAppViewController.swift in Sources */ = {isa = PBXBuildFile; fileRef = FAFF2C242C968935003EE3B3 /* ChatAppViewController.swift */; };
		FAFF2C2A2C96D386003EE3B3 /* ConnectionManager.swift in Sources */ = {isa = PBXBuildFile; fileRef = FAFF2C292C96D386003EE3B3 /* ConnectionManager.swift */; };
		FAFF2C2F2C96D4FB003EE3B3 /* ChatDetailViewController.xib in Resources */ = {isa = PBXBuildFile; fileRef = FAFF2C2E2C96D4FB003EE3B3 /* ChatDetailViewController.xib */; };
		FAFF2C302C96D4FB003EE3B3 /* ChatDetailViewController.swift in Sources */ = {isa = PBXBuildFile; fileRef = FAFF2C2D2C96D4FB003EE3B3 /* ChatDetailViewController.swift */; };
		FAFF2C342C96D7A8003EE3B3 /* ChatDetailViewHost.swift in Sources */ = {isa = PBXBuildFile; fileRef = FAFF2C332C96D7A8003EE3B3 /* ChatDetailViewHost.swift */; };
		FAFF2C362C96DB04003EE3B3 /* UIKitViewWrapper.swift in Sources */ = {isa = PBXBuildFile; fileRef = FAFF2C352C96DB04003EE3B3 /* UIKitViewWrapper.swift */; };
		FAFF2C392C96DFDF003EE3B3 /* SocketIO in Frameworks */ = {isa = PBXBuildFile; productRef = FAFF2C382C96DFDF003EE3B3 /* SocketIO */; };
		FAFF2C3B2C96F41E003EE3B3 /* SocketConnector.swift in Sources */ = {isa = PBXBuildFile; fileRef = FAFF2C3A2C96F41E003EE3B3 /* SocketConnector.swift */; };
		FAFF2C3D2C9716B1003EE3B3 /* UIKitChatSaveInfo.swift in Sources */ = {isa = PBXBuildFile; fileRef = FAFF2C3C2C9716B1003EE3B3 /* UIKitChatSaveInfo.swift */; };
/* End PBXBuildFile section */

/* Begin PBXFileReference section */
		FA0651502C7C69D4009F63F4 /* MetalLesson1.swift */ = {isa = PBXFileReference; lastKnownFileType = sourcecode.swift; path = MetalLesson1.swift; sourceTree = "<group>"; };
		FA0651522C7C6EE2009F63F4 /* Renderer.swift */ = {isa = PBXFileReference; lastKnownFileType = sourcecode.swift; path = Renderer.swift; sourceTree = "<group>"; };
		FA28C1862C68B859000464A1 /* GoogleService-Info.plist */ = {isa = PBXFileReference; fileEncoding = 4; lastKnownFileType = text.plist.xml; path = "GoogleService-Info.plist"; sourceTree = "<group>"; };
		FA28C1BA2C68C105000464A1 /* FirebaseLog.swift */ = {isa = PBXFileReference; lastKnownFileType = sourcecode.swift; path = FirebaseLog.swift; sourceTree = "<group>"; };
		FA77D42A2C476FC700F8220D /* TransitionAndBlur.swift */ = {isa = PBXFileReference; lastKnownFileType = sourcecode.swift; path = TransitionAndBlur.swift; sourceTree = "<group>"; };
		FA77D42C2C48F38E00F8220D /* SlipperCard.swift */ = {isa = PBXFileReference; lastKnownFileType = sourcecode.swift; path = SlipperCard.swift; sourceTree = "<group>"; };
		FA7C07982C4E41E7004C7638 /* CombineViewPage.swift */ = {isa = PBXFileReference; lastKnownFileType = sourcecode.swift; path = CombineViewPage.swift; sourceTree = "<group>"; };
		FAC02CBD2C3CE7B30046D846 /* hundredproject.app */ = {isa = PBXFileReference; explicitFileType = wrapper.application; includeInIndex = 0; path = hundredproject.app; sourceTree = BUILT_PRODUCTS_DIR; };
		FAC02CC02C3CE7B40046D846 /* hundredprojectApp.swift */ = {isa = PBXFileReference; lastKnownFileType = sourcecode.swift; path = hundredprojectApp.swift; sourceTree = "<group>"; };
		FAC02CC22C3CE7B40046D846 /* ContentView.swift */ = {isa = PBXFileReference; lastKnownFileType = sourcecode.swift; path = ContentView.swift; sourceTree = "<group>"; };
		FAC02CC42C3CE7B40046D846 /* Assets.xcassets */ = {isa = PBXFileReference; lastKnownFileType = folder.assetcatalog; path = Assets.xcassets; sourceTree = "<group>"; };
		FAC02CC72C3CE7B40046D846 /* Preview Assets.xcassets */ = {isa = PBXFileReference; lastKnownFileType = folder.assetcatalog; path = "Preview Assets.xcassets"; sourceTree = "<group>"; };
		FAC02CCE2C3CE86C0046D846 /* ContentViewData.swift */ = {isa = PBXFileReference; lastKnownFileType = sourcecode.swift; path = ContentViewData.swift; sourceTree = "<group>"; };
		FAC02CD32C3CEB820046D846 /* ContentViewButtonStyle.swift */ = {isa = PBXFileReference; lastKnownFileType = sourcecode.swift; path = ContentViewButtonStyle.swift; sourceTree = "<group>"; };
		FAD649582C5E31390025775F /* GameMainView.swift */ = {isa = PBXFileReference; lastKnownFileType = sourcecode.swift; path = GameMainView.swift; sourceTree = "<group>"; };
		FAD6495B2C5E35A20025775F /* Matrix.swift */ = {isa = PBXFileReference; lastKnownFileType = sourcecode.swift; path = Matrix.swift; sourceTree = "<group>"; };
		FAD6495D2C5E35B90025775F /* GameManager.swift */ = {isa = PBXFileReference; lastKnownFileType = sourcecode.swift; path = GameManager.swift; sourceTree = "<group>"; };
		FAFF2C222C968445003EE3B3 /* UIKitChatApp.swift */ = {isa = PBXFileReference; lastKnownFileType = sourcecode.swift; path = UIKitChatApp.swift; sourceTree = "<group>"; };
		FAFF2C242C968935003EE3B3 /* ChatAppViewController.swift */ = {isa = PBXFileReference; lastKnownFileType = sourcecode.swift; path = ChatAppViewController.swift; sourceTree = "<group>"; };
		FAFF2C252C968935003EE3B3 /* ChatAppViewController.xib */ = {isa = PBXFileReference; lastKnownFileType = file.xib; path = ChatAppViewController.xib; sourceTree = "<group>"; };
		FAFF2C292C96D386003EE3B3 /* ConnectionManager.swift */ = {isa = PBXFileReference; lastKnownFileType = sourcecode.swift; path = ConnectionManager.swift; sourceTree = "<group>"; };
		FAFF2C2D2C96D4FB003EE3B3 /* ChatDetailViewController.swift */ = {isa = PBXFileReference; lastKnownFileType = sourcecode.swift; path = ChatDetailViewController.swift; sourceTree = "<group>"; };
		FAFF2C2E2C96D4FB003EE3B3 /* ChatDetailViewController.xib */ = {isa = PBXFileReference; lastKnownFileType = file.xib; path = ChatDetailViewController.xib; sourceTree = "<group>"; };
		FAFF2C332C96D7A8003EE3B3 /* ChatDetailViewHost.swift */ = {isa = PBXFileReference; lastKnownFileType = sourcecode.swift; path = ChatDetailViewHost.swift; sourceTree = "<group>"; };
		FAFF2C352C96DB04003EE3B3 /* UIKitViewWrapper.swift */ = {isa = PBXFileReference; lastKnownFileType = sourcecode.swift; path = UIKitViewWrapper.swift; sourceTree = "<group>"; };
		FAFF2C3A2C96F41E003EE3B3 /* SocketConnector.swift */ = {isa = PBXFileReference; lastKnownFileType = sourcecode.swift; path = SocketConnector.swift; sourceTree = "<group>"; };
		FAFF2C3C2C9716B1003EE3B3 /* UIKitChatSaveInfo.swift */ = {isa = PBXFileReference; lastKnownFileType = sourcecode.swift; path = UIKitChatSaveInfo.swift; sourceTree = "<group>"; };
/* End PBXFileReference section */

/* Begin PBXFrameworksBuildPhase section */
		FAC02CBA2C3CE7B30046D846 /* Frameworks */ = {
			isa = PBXFrameworksBuildPhase;
			buildActionMask = 2147483647;
			files = (
				FA28C1B62C68BBE5000464A1 /* FirebaseStorageCombine-Community in Frameworks */,
				FA28C1922C68BBE5000464A1 /* FirebaseAppCheck in Frameworks */,
				FA28C1962C68BBE5000464A1 /* FirebaseAuth in Frameworks */,
				FA28C18C2C68BBE5000464A1 /* FirebaseAnalytics in Frameworks */,
				FA28C1942C68BBE5000464A1 /* FirebaseAppDistribution-Beta in Frameworks */,
				FA28C1902C68BBE5000464A1 /* FirebaseAnalyticsWithoutAdIdSupport in Frameworks */,
				FA28C19A2C68BBE5000464A1 /* FirebaseCrashlytics in Frameworks */,
				FA28C19C2C68BBE5000464A1 /* FirebaseDatabase in Frameworks */,
				FA28C1A62C68BBE5000464A1 /* FirebaseFunctionsCombine-Community in Frameworks */,
				FA28C1982C68BBE5000464A1 /* FirebaseAuthCombine-Community in Frameworks */,
				FA28C1AC2C68BBE5000464A1 /* FirebaseMessaging in Frameworks */,
				FA28C18E2C68BBE5000464A1 /* FirebaseAnalyticsOnDeviceConversion in Frameworks */,
				FA28C1B42C68BBE5000464A1 /* FirebaseStorage in Frameworks */,
				FA28C1A42C68BBE5000464A1 /* FirebaseFunctions in Frameworks */,
				FA28C1AA2C68BBE5000464A1 /* FirebaseInstallations in Frameworks */,
				FA28C1A22C68BBE5000464A1 /* FirebaseFirestoreCombine-Community in Frameworks */,
				FA28C1B02C68BBE5000464A1 /* FirebasePerformance in Frameworks */,
				FAFF2C392C96DFDF003EE3B3 /* SocketIO in Frameworks */,
				FA28C1A02C68BBE5000464A1 /* FirebaseFirestore in Frameworks */,
				FA28C1AE2C68BBE5000464A1 /* FirebaseMLModelDownloader in Frameworks */,
				FA28C19E2C68BBE5000464A1 /* FirebaseDynamicLinks in Frameworks */,
				FA28C1A82C68BBE5000464A1 /* FirebaseInAppMessaging-Beta in Frameworks */,
				FA28C1B82C68BBE6000464A1 /* FirebaseVertexAI-Preview in Frameworks */,
				FA28C1B22C68BBE5000464A1 /* FirebaseRemoteConfig in Frameworks */,
			);
			runOnlyForDeploymentPostprocessing = 0;
		};
/* End PBXFrameworksBuildPhase section */

/* Begin PBXGroup section */
		FA06514E2C7C689F009F63F4 /* Metal */ = {
			isa = PBXGroup;
			children = (
				FA06514F2C7C68AB009F63F4 /* Lesson1 */,
			);
			path = Metal;
			sourceTree = "<group>";
		};
		FA06514F2C7C68AB009F63F4 /* Lesson1 */ = {
			isa = PBXGroup;
			children = (
				FA0651502C7C69D4009F63F4 /* MetalLesson1.swift */,
				FA0651522C7C6EE2009F63F4 /* Renderer.swift */,
			);
			path = Lesson1;
			sourceTree = "<group>";
		};
		FA28C1882C68B865000464A1 /* Plist */ = {
			isa = PBXGroup;
			children = (
				FA28C1862C68B859000464A1 /* GoogleService-Info.plist */,
			);
			path = Plist;
			sourceTree = "<group>";
		};
		FA28C18A2C68BBDD000464A1 /* Frameworks */ = {
			isa = PBXGroup;
			children = (
			);
			name = Frameworks;
			sourceTree = "<group>";
		};
		FA28C1B92C68BC49000464A1 /* Analytics */ = {
			isa = PBXGroup;
			children = (
				FA28C1BA2C68C105000464A1 /* FirebaseLog.swift */,
			);
			path = Analytics;
			sourceTree = "<group>";
		};
		FA7C07972C4E40B0004C7638 /* CombineView */ = {
			isa = PBXGroup;
			children = (
				FA7C07982C4E41E7004C7638 /* CombineViewPage.swift */,
			);
			path = CombineView;
			sourceTree = "<group>";
		};
		FAC002ED2C5A413500946887 /* 2048 */ = {
			isa = PBXGroup;
			children = (
				FAD6495A2C5E35880025775F /* GameLogic */,
				FAD649582C5E31390025775F /* GameMainView.swift */,
			);
			path = 2048;
			sourceTree = "<group>";
		};
		FAC02CB42C3CE7B30046D846 = {
			isa = PBXGroup;
			children = (
				FA28C1B92C68BC49000464A1 /* Analytics */,
				FA28C1882C68B865000464A1 /* Plist */,
				FAC02CBF2C3CE7B30046D846 /* hundredproject */,
				FAC02CBE2C3CE7B30046D846 /* Products */,
				FA28C18A2C68BBDD000464A1 /* Frameworks */,
			);
			sourceTree = "<group>";
		};
		FAC02CBE2C3CE7B30046D846 /* Products */ = {
			isa = PBXGroup;
			children = (
				FAC02CBD2C3CE7B30046D846 /* hundredproject.app */,
			);
			name = Products;
			sourceTree = "<group>";
		};
		FAC02CBF2C3CE7B30046D846 /* hundredproject */ = {
			isa = PBXGroup;
			children = (
				FAFF2C212C96842A003EE3B3 /* SwiftUIChatApp(Next) */,
				FAFF2C202C96841B003EE3B3 /* UIKitChatApp */,
				FA06514E2C7C689F009F63F4 /* Metal */,
				FAC002ED2C5A413500946887 /* 2048 */,
				FA7C07972C4E40B0004C7638 /* CombineView */,
				FAC02CD02C3CE9250046D846 /* TransitionAndBlur */,
				FAC02CC02C3CE7B40046D846 /* hundredprojectApp.swift */,
				FAC02CC22C3CE7B40046D846 /* ContentView.swift */,
				FAC02CD32C3CEB820046D846 /* ContentViewButtonStyle.swift */,
				FAC02CCE2C3CE86C0046D846 /* ContentViewData.swift */,
				FAC02CC42C3CE7B40046D846 /* Assets.xcassets */,
				FAC02CC62C3CE7B40046D846 /* Preview Content */,
			);
			path = hundredproject;
			sourceTree = "<group>";
		};
		FAC02CC62C3CE7B40046D846 /* Preview Content */ = {
			isa = PBXGroup;
			children = (
				FAC02CC72C3CE7B40046D846 /* Preview Assets.xcassets */,
			);
			path = "Preview Content";
			sourceTree = "<group>";
		};
		FAC02CD02C3CE9250046D846 /* TransitionAndBlur */ = {
			isa = PBXGroup;
			children = (
				FA77D42A2C476FC700F8220D /* TransitionAndBlur.swift */,
				FA77D42C2C48F38E00F8220D /* SlipperCard.swift */,
			);
			path = TransitionAndBlur;
			sourceTree = "<group>";
		};
		FAD6495A2C5E35880025775F /* GameLogic */ = {
			isa = PBXGroup;
			children = (
				FAD6495B2C5E35A20025775F /* Matrix.swift */,
				FAD6495D2C5E35B90025775F /* GameManager.swift */,
			);
			path = GameLogic;
			sourceTree = "<group>";
		};
		FAFF2C202C96841B003EE3B3 /* UIKitChatApp */ = {
			isa = PBXGroup;
			children = (
				FAFF2C322C96D787003EE3B3 /* Utils */,
				FAFF2C312C96D76C003EE3B3 /* ChatDetail */,
				FAFF2C282C96893B003EE3B3 /* FormEntry */,
			);
			path = UIKitChatApp;
			sourceTree = "<group>";
		};
		FAFF2C212C96842A003EE3B3 /* SwiftUIChatApp(Next) */ = {
			isa = PBXGroup;
			children = (
			);
			path = "SwiftUIChatApp(Next)";
			sourceTree = "<group>";
		};
		FAFF2C282C96893B003EE3B3 /* FormEntry */ = {
			isa = PBXGroup;
			children = (
				FAFF2C222C968445003EE3B3 /* UIKitChatApp.swift */,
				FAFF2C242C968935003EE3B3 /* ChatAppViewController.swift */,
				FAFF2C252C968935003EE3B3 /* ChatAppViewController.xib */,
			);
			path = FormEntry;
			sourceTree = "<group>";
		};
		FAFF2C312C96D76C003EE3B3 /* ChatDetail */ = {
			isa = PBXGroup;
			children = (
				FAFF2C2D2C96D4FB003EE3B3 /* ChatDetailViewController.swift */,
				FAFF2C2E2C96D4FB003EE3B3 /* ChatDetailViewController.xib */,
				FAFF2C332C96D7A8003EE3B3 /* ChatDetailViewHost.swift */,
			);
			path = ChatDetail;
			sourceTree = "<group>";
		};
		FAFF2C322C96D787003EE3B3 /* Utils */ = {
			isa = PBXGroup;
			children = (
				FAFF2C292C96D386003EE3B3 /* ConnectionManager.swift */,
				FAFF2C352C96DB04003EE3B3 /* UIKitViewWrapper.swift */,
				FAFF2C3A2C96F41E003EE3B3 /* SocketConnector.swift */,
				FAFF2C3C2C9716B1003EE3B3 /* UIKitChatSaveInfo.swift */,
			);
			path = Utils;
			sourceTree = "<group>";
		};
/* End PBXGroup section */

/* Begin PBXNativeTarget section */
		FAC02CBC2C3CE7B30046D846 /* hundredproject */ = {
			isa = PBXNativeTarget;
			buildConfigurationList = FAC02CCB2C3CE7B40046D846 /* Build configuration list for PBXNativeTarget "hundredproject" */;
			buildPhases = (
				FAC02CB92C3CE7B30046D846 /* Sources */,
				FAC02CBA2C3CE7B30046D846 /* Frameworks */,
				FAC02CBB2C3CE7B30046D846 /* Resources */,
			);
			buildRules = (
			);
			dependencies = (
			);
			name = hundredproject;
			packageProductDependencies = (
				FA28C18B2C68BBE5000464A1 /* FirebaseAnalytics */,
				FA28C18D2C68BBE5000464A1 /* FirebaseAnalyticsOnDeviceConversion */,
				FA28C18F2C68BBE5000464A1 /* FirebaseAnalyticsWithoutAdIdSupport */,
				FA28C1912C68BBE5000464A1 /* FirebaseAppCheck */,
				FA28C1932C68BBE5000464A1 /* FirebaseAppDistribution-Beta */,
				FA28C1952C68BBE5000464A1 /* FirebaseAuth */,
				FA28C1972C68BBE5000464A1 /* FirebaseAuthCombine-Community */,
				FA28C1992C68BBE5000464A1 /* FirebaseCrashlytics */,
				FA28C19B2C68BBE5000464A1 /* FirebaseDatabase */,
				FA28C19D2C68BBE5000464A1 /* FirebaseDynamicLinks */,
				FA28C19F2C68BBE5000464A1 /* FirebaseFirestore */,
				FA28C1A12C68BBE5000464A1 /* FirebaseFirestoreCombine-Community */,
				FA28C1A32C68BBE5000464A1 /* FirebaseFunctions */,
				FA28C1A52C68BBE5000464A1 /* FirebaseFunctionsCombine-Community */,
				FA28C1A72C68BBE5000464A1 /* FirebaseInAppMessaging-Beta */,
				FA28C1A92C68BBE5000464A1 /* FirebaseInstallations */,
				FA28C1AB2C68BBE5000464A1 /* FirebaseMessaging */,
				FA28C1AD2C68BBE5000464A1 /* FirebaseMLModelDownloader */,
				FA28C1AF2C68BBE5000464A1 /* FirebasePerformance */,
				FA28C1B12C68BBE5000464A1 /* FirebaseRemoteConfig */,
				FA28C1B32C68BBE5000464A1 /* FirebaseStorage */,
				FA28C1B52C68BBE5000464A1 /* FirebaseStorageCombine-Community */,
				FA28C1B72C68BBE6000464A1 /* FirebaseVertexAI-Preview */,
				FAFF2C382C96DFDF003EE3B3 /* SocketIO */,
			);
			productName = hundredproject;
			productReference = FAC02CBD2C3CE7B30046D846 /* hundredproject.app */;
			productType = "com.apple.product-type.application";
		};
/* End PBXNativeTarget section */

/* Begin PBXProject section */
		FAC02CB52C3CE7B30046D846 /* Project object */ = {
			isa = PBXProject;
			attributes = {
				BuildIndependentTargetsInParallel = 1;
				LastSwiftUpdateCheck = 1540;
				LastUpgradeCheck = 1540;
				TargetAttributes = {
					FAC02CBC2C3CE7B30046D846 = {
						CreatedOnToolsVersion = 15.4;
					};
				};
			};
			buildConfigurationList = FAC02CB82C3CE7B30046D846 /* Build configuration list for PBXProject "hundredproject" */;
			compatibilityVersion = "Xcode 14.0";
			developmentRegion = en;
			hasScannedForEncodings = 0;
			knownRegions = (
				en,
				Base,
			);
			mainGroup = FAC02CB42C3CE7B30046D846;
			packageReferences = (
				FA28C1892C68B929000464A1 /* XCRemoteSwiftPackageReference "firebase-ios-sdk" */,
				FAFF2C372C96DFDF003EE3B3 /* XCRemoteSwiftPackageReference "socket" */,
			);
			productRefGroup = FAC02CBE2C3CE7B30046D846 /* Products */;
			projectDirPath = "";
			projectRoot = "";
			targets = (
				FAC02CBC2C3CE7B30046D846 /* hundredproject */,
			);
		};
/* End PBXProject section */

/* Begin PBXResourcesBuildPhase section */
		FAC02CBB2C3CE7B30046D846 /* Resources */ = {
			isa = PBXResourcesBuildPhase;
			buildActionMask = 2147483647;
			files = (
				FAFF2C2F2C96D4FB003EE3B3 /* ChatDetailViewController.xib in Resources */,
				FAC02CC82C3CE7B40046D846 /* Preview Assets.xcassets in Resources */,
				FAC02CC52C3CE7B40046D846 /* Assets.xcassets in Resources */,
				FAFF2C262C968935003EE3B3 /* ChatAppViewController.xib in Resources */,
				FA28C1872C68B859000464A1 /* GoogleService-Info.plist in Resources */,
			);
			runOnlyForDeploymentPostprocessing = 0;
		};
/* End PBXResourcesBuildPhase section */

/* Begin PBXSourcesBuildPhase section */
		FAC02CB92C3CE7B30046D846 /* Sources */ = {
			isa = PBXSourcesBuildPhase;
			buildActionMask = 2147483647;
			files = (
				FAC02CD42C3CEB820046D846 /* ContentViewButtonStyle.swift in Sources */,
				FAC02CCF2C3CE86C0046D846 /* ContentViewData.swift in Sources */,
				FAD6495C2C5E35A20025775F /* Matrix.swift in Sources */,
				FAC02CC32C3CE7B40046D846 /* ContentView.swift in Sources */,
				FAFF2C3B2C96F41E003EE3B3 /* SocketConnector.swift in Sources */,
				FA77D42D2C48F38E00F8220D /* SlipperCard.swift in Sources */,
				FAFF2C2A2C96D386003EE3B3 /* ConnectionManager.swift in Sources */,
				FA0651532C7C6EE2009F63F4 /* Renderer.swift in Sources */,
				FAFF2C272C968935003EE3B3 /* ChatAppViewController.swift in Sources */,
				FAFF2C362C96DB04003EE3B3 /* UIKitViewWrapper.swift in Sources */,
				FAC02CC12C3CE7B40046D846 /* hundredprojectApp.swift in Sources */,
				FA7C07992C4E41E7004C7638 /* CombineViewPage.swift in Sources */,
				FAFF2C3D2C9716B1003EE3B3 /* UIKitChatSaveInfo.swift in Sources */,
				FAFF2C232C968445003EE3B3 /* UIKitChatApp.swift in Sources */,
				FA28C1BB2C68C105000464A1 /* FirebaseLog.swift in Sources */,
				FA77D42B2C476FC700F8220D /* TransitionAndBlur.swift in Sources */,
				FA0651512C7C69D4009F63F4 /* MetalLesson1.swift in Sources */,
				FAFF2C302C96D4FB003EE3B3 /* ChatDetailViewController.swift in Sources */,
				FAFF2C342C96D7A8003EE3B3 /* ChatDetailViewHost.swift in Sources */,
				FAD649592C5E31390025775F /* GameMainView.swift in Sources */,
				FAD6495E2C5E35B90025775F /* GameManager.swift in Sources */,
			);
			runOnlyForDeploymentPostprocessing = 0;
		};
/* End PBXSourcesBuildPhase section */

/* Begin XCBuildConfiguration section */
		FAC02CC92C3CE7B40046D846 /* Debug */ = {
			isa = XCBuildConfiguration;
			buildSettings = {
				ALWAYS_SEARCH_USER_PATHS = NO;
				ASSETCATALOG_COMPILER_GENERATE_SWIFT_ASSET_SYMBOL_EXTENSIONS = YES;
				CLANG_ANALYZER_NONNULL = YES;
				CLANG_ANALYZER_NUMBER_OBJECT_CONVERSION = YES_AGGRESSIVE;
				CLANG_CXX_LANGUAGE_STANDARD = "gnu++20";
				CLANG_ENABLE_MODULES = YES;
				CLANG_ENABLE_OBJC_ARC = YES;
				CLANG_ENABLE_OBJC_WEAK = YES;
				CLANG_WARN_BLOCK_CAPTURE_AUTORELEASING = YES;
				CLANG_WARN_BOOL_CONVERSION = YES;
				CLANG_WARN_COMMA = YES;
				CLANG_WARN_CONSTANT_CONVERSION = YES;
				CLANG_WARN_DEPRECATED_OBJC_IMPLEMENTATIONS = YES;
				CLANG_WARN_DIRECT_OBJC_ISA_USAGE = YES_ERROR;
				CLANG_WARN_DOCUMENTATION_COMMENTS = YES;
				CLANG_WARN_EMPTY_BODY = YES;
				CLANG_WARN_ENUM_CONVERSION = YES;
				CLANG_WARN_INFINITE_RECURSION = YES;
				CLANG_WARN_INT_CONVERSION = YES;
				CLANG_WARN_NON_LITERAL_NULL_CONVERSION = YES;
				CLANG_WARN_OBJC_IMPLICIT_RETAIN_SELF = YES;
				CLANG_WARN_OBJC_LITERAL_CONVERSION = YES;
				CLANG_WARN_OBJC_ROOT_CLASS = YES_ERROR;
				CLANG_WARN_QUOTED_INCLUDE_IN_FRAMEWORK_HEADER = YES;
				CLANG_WARN_RANGE_LOOP_ANALYSIS = YES;
				CLANG_WARN_STRICT_PROTOTYPES = YES;
				CLANG_WARN_SUSPICIOUS_MOVE = YES;
				CLANG_WARN_UNGUARDED_AVAILABILITY = YES_AGGRESSIVE;
				CLANG_WARN_UNREACHABLE_CODE = YES;
				CLANG_WARN__DUPLICATE_METHOD_MATCH = YES;
				COPY_PHASE_STRIP = NO;
				DEBUG_INFORMATION_FORMAT = dwarf;
				ENABLE_STRICT_OBJC_MSGSEND = YES;
				ENABLE_TESTABILITY = YES;
				ENABLE_USER_SCRIPT_SANDBOXING = YES;
				GCC_C_LANGUAGE_STANDARD = gnu17;
				GCC_DYNAMIC_NO_PIC = NO;
				GCC_NO_COMMON_BLOCKS = YES;
				GCC_OPTIMIZATION_LEVEL = 0;
				GCC_PREPROCESSOR_DEFINITIONS = (
					"DEBUG=1",
					"$(inherited)",
				);
				GCC_WARN_64_TO_32_BIT_CONVERSION = YES;
				GCC_WARN_ABOUT_RETURN_TYPE = YES_ERROR;
				GCC_WARN_UNDECLARED_SELECTOR = YES;
				GCC_WARN_UNINITIALIZED_AUTOS = YES_AGGRESSIVE;
				GCC_WARN_UNUSED_FUNCTION = YES;
				GCC_WARN_UNUSED_VARIABLE = YES;
				IPHONEOS_DEPLOYMENT_TARGET = 16.0;
				LOCALIZATION_PREFERS_STRING_CATALOGS = YES;
				MTL_ENABLE_DEBUG_INFO = INCLUDE_SOURCE;
				MTL_FAST_MATH = YES;
				ONLY_ACTIVE_ARCH = YES;
				SDKROOT = iphoneos;
				SWIFT_ACTIVE_COMPILATION_CONDITIONS = "DEBUG $(inherited)";
				SWIFT_OPTIMIZATION_LEVEL = "-Onone";
			};
			name = Debug;
		};
		FAC02CCA2C3CE7B40046D846 /* Release */ = {
			isa = XCBuildConfiguration;
			buildSettings = {
				ALWAYS_SEARCH_USER_PATHS = NO;
				ASSETCATALOG_COMPILER_GENERATE_SWIFT_ASSET_SYMBOL_EXTENSIONS = YES;
				CLANG_ANALYZER_NONNULL = YES;
				CLANG_ANALYZER_NUMBER_OBJECT_CONVERSION = YES_AGGRESSIVE;
				CLANG_CXX_LANGUAGE_STANDARD = "gnu++20";
				CLANG_ENABLE_MODULES = YES;
				CLANG_ENABLE_OBJC_ARC = YES;
				CLANG_ENABLE_OBJC_WEAK = YES;
				CLANG_WARN_BLOCK_CAPTURE_AUTORELEASING = YES;
				CLANG_WARN_BOOL_CONVERSION = YES;
				CLANG_WARN_COMMA = YES;
				CLANG_WARN_CONSTANT_CONVERSION = YES;
				CLANG_WARN_DEPRECATED_OBJC_IMPLEMENTATIONS = YES;
				CLANG_WARN_DIRECT_OBJC_ISA_USAGE = YES_ERROR;
				CLANG_WARN_DOCUMENTATION_COMMENTS = YES;
				CLANG_WARN_EMPTY_BODY = YES;
				CLANG_WARN_ENUM_CONVERSION = YES;
				CLANG_WARN_INFINITE_RECURSION = YES;
				CLANG_WARN_INT_CONVERSION = YES;
				CLANG_WARN_NON_LITERAL_NULL_CONVERSION = YES;
				CLANG_WARN_OBJC_IMPLICIT_RETAIN_SELF = YES;
				CLANG_WARN_OBJC_LITERAL_CONVERSION = YES;
				CLANG_WARN_OBJC_ROOT_CLASS = YES_ERROR;
				CLANG_WARN_QUOTED_INCLUDE_IN_FRAMEWORK_HEADER = YES;
				CLANG_WARN_RANGE_LOOP_ANALYSIS = YES;
				CLANG_WARN_STRICT_PROTOTYPES = YES;
				CLANG_WARN_SUSPICIOUS_MOVE = YES;
				CLANG_WARN_UNGUARDED_AVAILABILITY = YES_AGGRESSIVE;
				CLANG_WARN_UNREACHABLE_CODE = YES;
				CLANG_WARN__DUPLICATE_METHOD_MATCH = YES;
				COPY_PHASE_STRIP = NO;
				DEBUG_INFORMATION_FORMAT = "dwarf-with-dsym";
				ENABLE_NS_ASSERTIONS = NO;
				ENABLE_STRICT_OBJC_MSGSEND = YES;
				ENABLE_USER_SCRIPT_SANDBOXING = YES;
				GCC_C_LANGUAGE_STANDARD = gnu17;
				GCC_NO_COMMON_BLOCKS = YES;
				GCC_WARN_64_TO_32_BIT_CONVERSION = YES;
				GCC_WARN_ABOUT_RETURN_TYPE = YES_ERROR;
				GCC_WARN_UNDECLARED_SELECTOR = YES;
				GCC_WARN_UNINITIALIZED_AUTOS = YES_AGGRESSIVE;
				GCC_WARN_UNUSED_FUNCTION = YES;
				GCC_WARN_UNUSED_VARIABLE = YES;
				IPHONEOS_DEPLOYMENT_TARGET = 16.0;
				LOCALIZATION_PREFERS_STRING_CATALOGS = YES;
				MTL_ENABLE_DEBUG_INFO = NO;
				MTL_FAST_MATH = YES;
				SDKROOT = iphoneos;
				SWIFT_COMPILATION_MODE = wholemodule;
				VALIDATE_PRODUCT = YES;
			};
			name = Release;
		};
		FAC02CCC2C3CE7B40046D846 /* Debug */ = {
			isa = XCBuildConfiguration;
			buildSettings = {
				ASSETCATALOG_COMPILER_APPICON_NAME = AppIcon;
				ASSETCATALOG_COMPILER_GLOBAL_ACCENT_COLOR_NAME = AccentColor;
				CODE_SIGN_STYLE = Automatic;
				CURRENT_PROJECT_VERSION = 1;
				DEVELOPMENT_ASSET_PATHS = "\"hundredproject/Preview Content\"";
				DEVELOPMENT_TEAM = M494F4824Q;
				ENABLE_PREVIEWS = YES;
				GENERATE_INFOPLIST_FILE = YES;
				INFOPLIST_KEY_UIApplicationSceneManifest_Generation = YES;
				INFOPLIST_KEY_UIApplicationSupportsIndirectInputEvents = YES;
				INFOPLIST_KEY_UILaunchScreen_Generation = YES;
				INFOPLIST_KEY_UISupportedInterfaceOrientations_iPad = "UIInterfaceOrientationPortrait UIInterfaceOrientationPortraitUpsideDown UIInterfaceOrientationLandscapeLeft UIInterfaceOrientationLandscapeRight";
				INFOPLIST_KEY_UISupportedInterfaceOrientations_iPhone = "UIInterfaceOrientationPortrait UIInterfaceOrientationLandscapeLeft UIInterfaceOrientationLandscapeRight";
				LD_RUNPATH_SEARCH_PATHS = (
					"$(inherited)",
					"@executable_path/Frameworks",
				);
				MARKETING_VERSION = 1.0;
				PRODUCT_BUNDLE_IDENTIFIER = DucTran.hundredproject;
				PRODUCT_NAME = "$(TARGET_NAME)";
				SWIFT_EMIT_LOC_STRINGS = YES;
				SWIFT_VERSION = 5.0;
				TARGETED_DEVICE_FAMILY = "1,2";
			};
			name = Debug;
		};
		FAC02CCD2C3CE7B40046D846 /* Release */ = {
			isa = XCBuildConfiguration;
			buildSettings = {
				ASSETCATALOG_COMPILER_APPICON_NAME = AppIcon;
				ASSETCATALOG_COMPILER_GLOBAL_ACCENT_COLOR_NAME = AccentColor;
				CODE_SIGN_STYLE = Automatic;
				CURRENT_PROJECT_VERSION = 1;
				DEVELOPMENT_ASSET_PATHS = "\"hundredproject/Preview Content\"";
				DEVELOPMENT_TEAM = M494F4824Q;
				ENABLE_PREVIEWS = YES;
				GENERATE_INFOPLIST_FILE = YES;
				INFOPLIST_KEY_UIApplicationSceneManifest_Generation = YES;
				INFOPLIST_KEY_UIApplicationSupportsIndirectInputEvents = YES;
				INFOPLIST_KEY_UILaunchScreen_Generation = YES;
				INFOPLIST_KEY_UISupportedInterfaceOrientations_iPad = "UIInterfaceOrientationPortrait UIInterfaceOrientationPortraitUpsideDown UIInterfaceOrientationLandscapeLeft UIInterfaceOrientationLandscapeRight";
				INFOPLIST_KEY_UISupportedInterfaceOrientations_iPhone = "UIInterfaceOrientationPortrait UIInterfaceOrientationLandscapeLeft UIInterfaceOrientationLandscapeRight";
				LD_RUNPATH_SEARCH_PATHS = (
					"$(inherited)",
					"@executable_path/Frameworks",
				);
				MARKETING_VERSION = 1.0;
				PRODUCT_BUNDLE_IDENTIFIER = DucTran.hundredproject;
				PRODUCT_NAME = "$(TARGET_NAME)";
				SWIFT_EMIT_LOC_STRINGS = YES;
				SWIFT_VERSION = 5.0;
				TARGETED_DEVICE_FAMILY = "1,2";
			};
			name = Release;
		};
/* End XCBuildConfiguration section */

/* Begin XCConfigurationList section */
		FAC02CB82C3CE7B30046D846 /* Build configuration list for PBXProject "hundredproject" */ = {
			isa = XCConfigurationList;
			buildConfigurations = (
				FAC02CC92C3CE7B40046D846 /* Debug */,
				FAC02CCA2C3CE7B40046D846 /* Release */,
			);
			defaultConfigurationIsVisible = 0;
			defaultConfigurationName = Release;
		};
		FAC02CCB2C3CE7B40046D846 /* Build configuration list for PBXNativeTarget "hundredproject" */ = {
			isa = XCConfigurationList;
			buildConfigurations = (
				FAC02CCC2C3CE7B40046D846 /* Debug */,
				FAC02CCD2C3CE7B40046D846 /* Release */,
			);
			defaultConfigurationIsVisible = 0;
			defaultConfigurationName = Release;
		};
/* End XCConfigurationList section */

/* Begin XCRemoteSwiftPackageReference section */
		FA28C1892C68B929000464A1 /* XCRemoteSwiftPackageReference "firebase-ios-sdk" */ = {
			isa = XCRemoteSwiftPackageReference;
			repositoryURL = "https://github.com/firebase/firebase-ios-sdk";
			requirement = {
				kind = upToNextMajorVersion;
				minimumVersion = 11.0.0;
			};
		};
		FAFF2C372C96DFDF003EE3B3 /* XCRemoteSwiftPackageReference "socket" */ = {
			isa = XCRemoteSwiftPackageReference;
			repositoryURL = "https://github.com/socketio/socket.io-client-swift";
			requirement = {
				branch = master;
				kind = branch;
			};
		};
/* End XCRemoteSwiftPackageReference section */

/* Begin XCSwiftPackageProductDependency section */
		FA28C18B2C68BBE5000464A1 /* FirebaseAnalytics */ = {
			isa = XCSwiftPackageProductDependency;
			package = FA28C1892C68B929000464A1 /* XCRemoteSwiftPackageReference "firebase-ios-sdk" */;
			productName = FirebaseAnalytics;
		};
		FA28C18D2C68BBE5000464A1 /* FirebaseAnalyticsOnDeviceConversion */ = {
			isa = XCSwiftPackageProductDependency;
			package = FA28C1892C68B929000464A1 /* XCRemoteSwiftPackageReference "firebase-ios-sdk" */;
			productName = FirebaseAnalyticsOnDeviceConversion;
		};
		FA28C18F2C68BBE5000464A1 /* FirebaseAnalyticsWithoutAdIdSupport */ = {
			isa = XCSwiftPackageProductDependency;
			package = FA28C1892C68B929000464A1 /* XCRemoteSwiftPackageReference "firebase-ios-sdk" */;
			productName = FirebaseAnalyticsWithoutAdIdSupport;
		};
		FA28C1912C68BBE5000464A1 /* FirebaseAppCheck */ = {
			isa = XCSwiftPackageProductDependency;
			package = FA28C1892C68B929000464A1 /* XCRemoteSwiftPackageReference "firebase-ios-sdk" */;
			productName = FirebaseAppCheck;
		};
		FA28C1932C68BBE5000464A1 /* FirebaseAppDistribution-Beta */ = {
			isa = XCSwiftPackageProductDependency;
			package = FA28C1892C68B929000464A1 /* XCRemoteSwiftPackageReference "firebase-ios-sdk" */;
			productName = "FirebaseAppDistribution-Beta";
		};
		FA28C1952C68BBE5000464A1 /* FirebaseAuth */ = {
			isa = XCSwiftPackageProductDependency;
			package = FA28C1892C68B929000464A1 /* XCRemoteSwiftPackageReference "firebase-ios-sdk" */;
			productName = FirebaseAuth;
		};
		FA28C1972C68BBE5000464A1 /* FirebaseAuthCombine-Community */ = {
			isa = XCSwiftPackageProductDependency;
			package = FA28C1892C68B929000464A1 /* XCRemoteSwiftPackageReference "firebase-ios-sdk" */;
			productName = "FirebaseAuthCombine-Community";
		};
		FA28C1992C68BBE5000464A1 /* FirebaseCrashlytics */ = {
			isa = XCSwiftPackageProductDependency;
			package = FA28C1892C68B929000464A1 /* XCRemoteSwiftPackageReference "firebase-ios-sdk" */;
			productName = FirebaseCrashlytics;
		};
		FA28C19B2C68BBE5000464A1 /* FirebaseDatabase */ = {
			isa = XCSwiftPackageProductDependency;
			package = FA28C1892C68B929000464A1 /* XCRemoteSwiftPackageReference "firebase-ios-sdk" */;
			productName = FirebaseDatabase;
		};
		FA28C19D2C68BBE5000464A1 /* FirebaseDynamicLinks */ = {
			isa = XCSwiftPackageProductDependency;
			package = FA28C1892C68B929000464A1 /* XCRemoteSwiftPackageReference "firebase-ios-sdk" */;
			productName = FirebaseDynamicLinks;
		};
		FA28C19F2C68BBE5000464A1 /* FirebaseFirestore */ = {
			isa = XCSwiftPackageProductDependency;
			package = FA28C1892C68B929000464A1 /* XCRemoteSwiftPackageReference "firebase-ios-sdk" */;
			productName = FirebaseFirestore;
		};
		FA28C1A12C68BBE5000464A1 /* FirebaseFirestoreCombine-Community */ = {
			isa = XCSwiftPackageProductDependency;
			package = FA28C1892C68B929000464A1 /* XCRemoteSwiftPackageReference "firebase-ios-sdk" */;
			productName = "FirebaseFirestoreCombine-Community";
		};
		FA28C1A32C68BBE5000464A1 /* FirebaseFunctions */ = {
			isa = XCSwiftPackageProductDependency;
			package = FA28C1892C68B929000464A1 /* XCRemoteSwiftPackageReference "firebase-ios-sdk" */;
			productName = FirebaseFunctions;
		};
		FA28C1A52C68BBE5000464A1 /* FirebaseFunctionsCombine-Community */ = {
			isa = XCSwiftPackageProductDependency;
			package = FA28C1892C68B929000464A1 /* XCRemoteSwiftPackageReference "firebase-ios-sdk" */;
			productName = "FirebaseFunctionsCombine-Community";
		};
		FA28C1A72C68BBE5000464A1 /* FirebaseInAppMessaging-Beta */ = {
			isa = XCSwiftPackageProductDependency;
			package = FA28C1892C68B929000464A1 /* XCRemoteSwiftPackageReference "firebase-ios-sdk" */;
			productName = "FirebaseInAppMessaging-Beta";
		};
		FA28C1A92C68BBE5000464A1 /* FirebaseInstallations */ = {
			isa = XCSwiftPackageProductDependency;
			package = FA28C1892C68B929000464A1 /* XCRemoteSwiftPackageReference "firebase-ios-sdk" */;
			productName = FirebaseInstallations;
		};
		FA28C1AB2C68BBE5000464A1 /* FirebaseMessaging */ = {
			isa = XCSwiftPackageProductDependency;
			package = FA28C1892C68B929000464A1 /* XCRemoteSwiftPackageReference "firebase-ios-sdk" */;
			productName = FirebaseMessaging;
		};
		FA28C1AD2C68BBE5000464A1 /* FirebaseMLModelDownloader */ = {
			isa = XCSwiftPackageProductDependency;
			package = FA28C1892C68B929000464A1 /* XCRemoteSwiftPackageReference "firebase-ios-sdk" */;
			productName = FirebaseMLModelDownloader;
		};
		FA28C1AF2C68BBE5000464A1 /* FirebasePerformance */ = {
			isa = XCSwiftPackageProductDependency;
			package = FA28C1892C68B929000464A1 /* XCRemoteSwiftPackageReference "firebase-ios-sdk" */;
			productName = FirebasePerformance;
		};
		FA28C1B12C68BBE5000464A1 /* FirebaseRemoteConfig */ = {
			isa = XCSwiftPackageProductDependency;
			package = FA28C1892C68B929000464A1 /* XCRemoteSwiftPackageReference "firebase-ios-sdk" */;
			productName = FirebaseRemoteConfig;
		};
		FA28C1B32C68BBE5000464A1 /* FirebaseStorage */ = {
			isa = XCSwiftPackageProductDependency;
			package = FA28C1892C68B929000464A1 /* XCRemoteSwiftPackageReference "firebase-ios-sdk" */;
			productName = FirebaseStorage;
		};
		FA28C1B52C68BBE5000464A1 /* FirebaseStorageCombine-Community */ = {
			isa = XCSwiftPackageProductDependency;
			package = FA28C1892C68B929000464A1 /* XCRemoteSwiftPackageReference "firebase-ios-sdk" */;
			productName = "FirebaseStorageCombine-Community";
		};
		FA28C1B72C68BBE6000464A1 /* FirebaseVertexAI-Preview */ = {
			isa = XCSwiftPackageProductDependency;
			package = FA28C1892C68B929000464A1 /* XCRemoteSwiftPackageReference "firebase-ios-sdk" */;
			productName = "FirebaseVertexAI-Preview";
		};
		FAFF2C382C96DFDF003EE3B3 /* SocketIO */ = {
			isa = XCSwiftPackageProductDependency;
			package = FAFF2C372C96DFDF003EE3B3 /* XCRemoteSwiftPackageReference "socket" */;
			productName = SocketIO;
		};
/* End XCSwiftPackageProductDependency section */
	};
	rootObject = FAC02CB52C3CE7B30046D846 /* Project object */;
}
