// !$*UTF8*$!
{
	archiveVersion = 1;
	classes = {
	};
	objectVersion = 56;
	objects = {

/* Begin PBXBuildFile section */
		FA77D42B2C476FC700F8220D /* TransitionAndBlur.swift in Sources */ = {isa = PBXBuildFile; fileRef = FA77D42A2C476FC700F8220D /* TransitionAndBlur.swift */; };
		FA77D42D2C48F38E00F8220D /* SlipperCard.swift in Sources */ = {isa = PBXBuildFile; fileRef = FA77D42C2C48F38E00F8220D /* SlipperCard.swift */; };
		FAC02CC12C3CE7B40046D846 /* hundredprojectApp.swift in Sources */ = {isa = PBXBuildFile; fileRef = FAC02CC02C3CE7B40046D846 /* hundredprojectApp.swift */; };
		FAC02CC32C3CE7B40046D846 /* ContentView.swift in Sources */ = {isa = PBXBuildFile; fileRef = FAC02CC22C3CE7B40046D846 /* ContentView.swift */; };
		FAC02CC52C3CE7B40046D846 /* Assets.xcassets in Resources */ = {isa = PBXBuildFile; fileRef = FAC02CC42C3CE7B40046D846 /* Assets.xcassets */; };
		FAC02CC82C3CE7B40046D846 /* Preview Assets.xcassets in Resources */ = {isa = PBXBuildFile; fileRef = FAC02CC72C3CE7B40046D846 /* Preview Assets.xcassets */; };
		FAC02CCF2C3CE86C0046D846 /* ContentViewData.swift in Sources */ = {isa = PBXBuildFile; fileRef = FAC02CCE2C3CE86C0046D846 /* ContentViewData.swift */; };
		FAC02CD42C3CEB820046D846 /* ContentViewButtonStyle.swift in Sources */ = {isa = PBXBuildFile; fileRef = FAC02CD32C3CEB820046D846 /* ContentViewButtonStyle.swift */; };
/* End PBXBuildFile section */

/* Begin PBXFileReference section */
		FA77D42A2C476FC700F8220D /* TransitionAndBlur.swift */ = {isa = PBXFileReference; lastKnownFileType = sourcecode.swift; path = TransitionAndBlur.swift; sourceTree = "<group>"; };
		FA77D42C2C48F38E00F8220D /* SlipperCard.swift */ = {isa = PBXFileReference; lastKnownFileType = sourcecode.swift; path = SlipperCard.swift; sourceTree = "<group>"; };
		FAC02CBD2C3CE7B30046D846 /* hundredproject.app */ = {isa = PBXFileReference; explicitFileType = wrapper.application; includeInIndex = 0; path = hundredproject.app; sourceTree = BUILT_PRODUCTS_DIR; };
		FAC02CC02C3CE7B40046D846 /* hundredprojectApp.swift */ = {isa = PBXFileReference; lastKnownFileType = sourcecode.swift; path = hundredprojectApp.swift; sourceTree = "<group>"; };
		FAC02CC22C3CE7B40046D846 /* ContentView.swift */ = {isa = PBXFileReference; lastKnownFileType = sourcecode.swift; path = ContentView.swift; sourceTree = "<group>"; };
		FAC02CC42C3CE7B40046D846 /* Assets.xcassets */ = {isa = PBXFileReference; lastKnownFileType = folder.assetcatalog; path = Assets.xcassets; sourceTree = "<group>"; };
		FAC02CC72C3CE7B40046D846 /* Preview Assets.xcassets */ = {isa = PBXFileReference; lastKnownFileType = folder.assetcatalog; path = "Preview Assets.xcassets"; sourceTree = "<group>"; };
		FAC02CCE2C3CE86C0046D846 /* ContentViewData.swift */ = {isa = PBXFileReference; lastKnownFileType = sourcecode.swift; path = ContentViewData.swift; sourceTree = "<group>"; };
		FAC02CD32C3CEB820046D846 /* ContentViewButtonStyle.swift */ = {isa = PBXFileReference; lastKnownFileType = sourcecode.swift; path = ContentViewButtonStyle.swift; sourceTree = "<group>"; };
/* End PBXFileReference section */

/* Begin PBXFrameworksBuildPhase section */
		FAC02CBA2C3CE7B30046D846 /* Frameworks */ = {
			isa = PBXFrameworksBuildPhase;
			buildActionMask = 2147483647;
			files = (
			);
			runOnlyForDeploymentPostprocessing = 0;
		};
/* End PBXFrameworksBuildPhase section */

/* Begin PBXGroup section */
		FAC02CB42C3CE7B30046D846 = {
			isa = PBXGroup;
			children = (
				FAC02CBF2C3CE7B30046D846 /* hundredproject */,
				FAC02CBE2C3CE7B30046D846 /* Products */,
			);
			sourceTree = "<group>";
		};
		FAC02CBE2C3CE7B30046D846 /* Products */ = {
			isa = PBXGroup;
			children = (
				FAC02CBD2C3CE7B30046D846 /* hundredproject.app */,
			);
			name = Products;
			sourceTree = "<group>";
		};
		FAC02CBF2C3CE7B30046D846 /* hundredproject */ = {
			isa = PBXGroup;
			children = (
				FAC02CD02C3CE9250046D846 /* TransitionAndBlur */,
				FAC02CC02C3CE7B40046D846 /* hundredprojectApp.swift */,
				FAC02CC22C3CE7B40046D846 /* ContentView.swift */,
				FAC02CD32C3CEB820046D846 /* ContentViewButtonStyle.swift */,
				FAC02CCE2C3CE86C0046D846 /* ContentViewData.swift */,
				FAC02CC42C3CE7B40046D846 /* Assets.xcassets */,
				FAC02CC62C3CE7B40046D846 /* Preview Content */,
			);
			path = hundredproject;
			sourceTree = "<group>";
		};
		FAC02CC62C3CE7B40046D846 /* Preview Content */ = {
			isa = PBXGroup;
			children = (
				FAC02CC72C3CE7B40046D846 /* Preview Assets.xcassets */,
			);
			path = "Preview Content";
			sourceTree = "<group>";
		};
		FAC02CD02C3CE9250046D846 /* TransitionAndBlur */ = {
			isa = PBXGroup;
			children = (
				FA77D42A2C476FC700F8220D /* TransitionAndBlur.swift */,
				FA77D42C2C48F38E00F8220D /* SlipperCard.swift */,
			);
			path = TransitionAndBlur;
			sourceTree = "<group>";
		};
/* End PBXGroup section */

/* Begin PBXNativeTarget section */
		FAC02CBC2C3CE7B30046D846 /* hundredproject */ = {
			isa = PBXNativeTarget;
			buildConfigurationList = FAC02CCB2C3CE7B40046D846 /* Build configuration list for PBXNativeTarget "hundredproject" */;
			buildPhases = (
				FAC02CB92C3CE7B30046D846 /* Sources */,
				FAC02CBA2C3CE7B30046D846 /* Frameworks */,
				FAC02CBB2C3CE7B30046D846 /* Resources */,
			);
			buildRules = (
			);
			dependencies = (
			);
			name = hundredproject;
			productName = hundredproject;
			productReference = FAC02CBD2C3CE7B30046D846 /* hundredproject.app */;
			productType = "com.apple.product-type.application";
		};
/* End PBXNativeTarget section */

/* Begin PBXProject section */
		FAC02CB52C3CE7B30046D846 /* Project object */ = {
			isa = PBXProject;
			attributes = {
				BuildIndependentTargetsInParallel = 1;
				LastSwiftUpdateCheck = 1540;
				LastUpgradeCheck = 1540;
				TargetAttributes = {
					FAC02CBC2C3CE7B30046D846 = {
						CreatedOnToolsVersion = 15.4;
					};
				};
			};
			buildConfigurationList = FAC02CB82C3CE7B30046D846 /* Build configuration list for PBXProject "hundredproject" */;
			compatibilityVersion = "Xcode 14.0";
			developmentRegion = en;
			hasScannedForEncodings = 0;
			knownRegions = (
				en,
				Base,
			);
			mainGroup = FAC02CB42C3CE7B30046D846;
			productRefGroup = FAC02CBE2C3CE7B30046D846 /* Products */;
			projectDirPath = "";
			projectRoot = "";
			targets = (
				FAC02CBC2C3CE7B30046D846 /* hundredproject */,
			);
		};
/* End PBXProject section */

/* Begin PBXResourcesBuildPhase section */
		FAC02CBB2C3CE7B30046D846 /* Resources */ = {
			isa = PBXResourcesBuildPhase;
			buildActionMask = 2147483647;
			files = (
				FAC02CC82C3CE7B40046D846 /* Preview Assets.xcassets in Resources */,
				FAC02CC52C3CE7B40046D846 /* Assets.xcassets in Resources */,
			);
			runOnlyForDeploymentPostprocessing = 0;
		};
/* End PBXResourcesBuildPhase section */

/* Begin PBXSourcesBuildPhase section */
		FAC02CB92C3CE7B30046D846 /* Sources */ = {
			isa = PBXSourcesBuildPhase;
			buildActionMask = 2147483647;
			files = (
				FAC02CD42C3CEB820046D846 /* ContentViewButtonStyle.swift in Sources */,
				FAC02CCF2C3CE86C0046D846 /* ContentViewData.swift in Sources */,
				FAC02CC32C3CE7B40046D846 /* ContentView.swift in Sources */,
				FA77D42D2C48F38E00F8220D /* SlipperCard.swift in Sources */,
				FAC02CC12C3CE7B40046D846 /* hundredprojectApp.swift in Sources */,
				FA77D42B2C476FC700F8220D /* TransitionAndBlur.swift in Sources */,
			);
			runOnlyForDeploymentPostprocessing = 0;
		};
/* End PBXSourcesBuildPhase section */

/* Begin XCBuildConfiguration section */
		FAC02CC92C3CE7B40046D846 /* Debug */ = {
			isa = XCBuildConfiguration;
			buildSettings = {
				ALWAYS_SEARCH_USER_PATHS = NO;
				ASSETCATALOG_COMPILER_GENERATE_SWIFT_ASSET_SYMBOL_EXTENSIONS = YES;
				CLANG_ANALYZER_NONNULL = YES;
				CLANG_ANALYZER_NUMBER_OBJECT_CONVERSION = YES_AGGRESSIVE;
				CLANG_CXX_LANGUAGE_STANDARD = "gnu++20";
				CLANG_ENABLE_MODULES = YES;
				CLANG_ENABLE_OBJC_ARC = YES;
				CLANG_ENABLE_OBJC_WEAK = YES;
				CLANG_WARN_BLOCK_CAPTURE_AUTORELEASING = YES;
				CLANG_WARN_BOOL_CONVERSION = YES;
				CLANG_WARN_COMMA = YES;
				CLANG_WARN_CONSTANT_CONVERSION = YES;
				CLANG_WARN_DEPRECATED_OBJC_IMPLEMENTATIONS = YES;
				CLANG_WARN_DIRECT_OBJC_ISA_USAGE = YES_ERROR;
				CLANG_WARN_DOCUMENTATION_COMMENTS = YES;
				CLANG_WARN_EMPTY_BODY = YES;
				CLANG_WARN_ENUM_CONVERSION = YES;
				CLANG_WARN_INFINITE_RECURSION = YES;
				CLANG_WARN_INT_CONVERSION = YES;
				CLANG_WARN_NON_LITERAL_NULL_CONVERSION = YES;
				CLANG_WARN_OBJC_IMPLICIT_RETAIN_SELF = YES;
				CLANG_WARN_OBJC_LITERAL_CONVERSION = YES;
				CLANG_WARN_OBJC_ROOT_CLASS = YES_ERROR;
				CLANG_WARN_QUOTED_INCLUDE_IN_FRAMEWORK_HEADER = YES;
				CLANG_WARN_RANGE_LOOP_ANALYSIS = YES;
				CLANG_WARN_STRICT_PROTOTYPES = YES;
				CLANG_WARN_SUSPICIOUS_MOVE = YES;
				CLANG_WARN_UNGUARDED_AVAILABILITY = YES_AGGRESSIVE;
				CLANG_WARN_UNREACHABLE_CODE = YES;
				CLANG_WARN__DUPLICATE_METHOD_MATCH = YES;
				COPY_PHASE_STRIP = NO;
				DEBUG_INFORMATION_FORMAT = dwarf;
				ENABLE_STRICT_OBJC_MSGSEND = YES;
				ENABLE_TESTABILITY = YES;
				ENABLE_USER_SCRIPT_SANDBOXING = YES;
				GCC_C_LANGUAGE_STANDARD = gnu17;
				GCC_DYNAMIC_NO_PIC = NO;
				GCC_NO_COMMON_BLOCKS = YES;
				GCC_OPTIMIZATION_LEVEL = 0;
				GCC_PREPROCESSOR_DEFINITIONS = (
					"DEBUG=1",
					"$(inherited)",
				);
				GCC_WARN_64_TO_32_BIT_CONVERSION = YES;
				GCC_WARN_ABOUT_RETURN_TYPE = YES_ERROR;
				GCC_WARN_UNDECLARED_SELECTOR = YES;
				GCC_WARN_UNINITIALIZED_AUTOS = YES_AGGRESSIVE;
				GCC_WARN_UNUSED_FUNCTION = YES;
				GCC_WARN_UNUSED_VARIABLE = YES;
				IPHONEOS_DEPLOYMENT_TARGET = 17.5;
				LOCALIZATION_PREFERS_STRING_CATALOGS = YES;
				MTL_ENABLE_DEBUG_INFO = INCLUDE_SOURCE;
				MTL_FAST_MATH = YES;
				ONLY_ACTIVE_ARCH = YES;
				SDKROOT = iphoneos;
				SWIFT_ACTIVE_COMPILATION_CONDITIONS = "DEBUG $(inherited)";
				SWIFT_OPTIMIZATION_LEVEL = "-Onone";
			};
			name = Debug;
		};
		FAC02CCA2C3CE7B40046D846 /* Release */ = {
			isa = XCBuildConfiguration;
			buildSettings = {
				ALWAYS_SEARCH_USER_PATHS = NO;
				ASSETCATALOG_COMPILER_GENERATE_SWIFT_ASSET_SYMBOL_EXTENSIONS = YES;
				CLANG_ANALYZER_NONNULL = YES;
				CLANG_ANALYZER_NUMBER_OBJECT_CONVERSION = YES_AGGRESSIVE;
				CLANG_CXX_LANGUAGE_STANDARD = "gnu++20";
				CLANG_ENABLE_MODULES = YES;
				CLANG_ENABLE_OBJC_ARC = YES;
				CLANG_ENABLE_OBJC_WEAK = YES;
				CLANG_WARN_BLOCK_CAPTURE_AUTORELEASING = YES;
				CLANG_WARN_BOOL_CONVERSION = YES;
				CLANG_WARN_COMMA = YES;
				CLANG_WARN_CONSTANT_CONVERSION = YES;
				CLANG_WARN_DEPRECATED_OBJC_IMPLEMENTATIONS = YES;
				CLANG_WARN_DIRECT_OBJC_ISA_USAGE = YES_ERROR;
				CLANG_WARN_DOCUMENTATION_COMMENTS = YES;
				CLANG_WARN_EMPTY_BODY = YES;
				CLANG_WARN_ENUM_CONVERSION = YES;
				CLANG_WARN_INFINITE_RECURSION = YES;
				CLANG_WARN_INT_CONVERSION = YES;
				CLANG_WARN_NON_LITERAL_NULL_CONVERSION = YES;
				CLANG_WARN_OBJC_IMPLICIT_RETAIN_SELF = YES;
				CLANG_WARN_OBJC_LITERAL_CONVERSION = YES;
				CLANG_WARN_OBJC_ROOT_CLASS = YES_ERROR;
				CLANG_WARN_QUOTED_INCLUDE_IN_FRAMEWORK_HEADER = YES;
				CLANG_WARN_RANGE_LOOP_ANALYSIS = YES;
				CLANG_WARN_STRICT_PROTOTYPES = YES;
				CLANG_WARN_SUSPICIOUS_MOVE = YES;
				CLANG_WARN_UNGUARDED_AVAILABILITY = YES_AGGRESSIVE;
				CLANG_WARN_UNREACHABLE_CODE = YES;
				CLANG_WARN__DUPLICATE_METHOD_MATCH = YES;
				COPY_PHASE_STRIP = NO;
				DEBUG_INFORMATION_FORMAT = "dwarf-with-dsym";
				ENABLE_NS_ASSERTIONS = NO;
				ENABLE_STRICT_OBJC_MSGSEND = YES;
				ENABLE_USER_SCRIPT_SANDBOXING = YES;
				GCC_C_LANGUAGE_STANDARD = gnu17;
				GCC_NO_COMMON_BLOCKS = YES;
				GCC_WARN_64_TO_32_BIT_CONVERSION = YES;
				GCC_WARN_ABOUT_RETURN_TYPE = YES_ERROR;
				GCC_WARN_UNDECLARED_SELECTOR = YES;
				GCC_WARN_UNINITIALIZED_AUTOS = YES_AGGRESSIVE;
				GCC_WARN_UNUSED_FUNCTION = YES;
				GCC_WARN_UNUSED_VARIABLE = YES;
				IPHONEOS_DEPLOYMENT_TARGET = 17.5;
				LOCALIZATION_PREFERS_STRING_CATALOGS = YES;
				MTL_ENABLE_DEBUG_INFO = NO;
				MTL_FAST_MATH = YES;
				SDKROOT = iphoneos;
				SWIFT_COMPILATION_MODE = wholemodule;
				VALIDATE_PRODUCT = YES;
			};
			name = Release;
		};
		FAC02CCC2C3CE7B40046D846 /* Debug */ = {
			isa = XCBuildConfiguration;
			buildSettings = {
				ASSETCATALOG_COMPILER_APPICON_NAME = AppIcon;
				ASSETCATALOG_COMPILER_GLOBAL_ACCENT_COLOR_NAME = AccentColor;
				CODE_SIGN_STYLE = Automatic;
				CURRENT_PROJECT_VERSION = 1;
				DEVELOPMENT_ASSET_PATHS = "\"hundredproject/Preview Content\"";
				DEVELOPMENT_TEAM = M494F4824Q;
				ENABLE_PREVIEWS = YES;
				GENERATE_INFOPLIST_FILE = YES;
				INFOPLIST_KEY_UIApplicationSceneManifest_Generation = YES;
				INFOPLIST_KEY_UIApplicationSupportsIndirectInputEvents = YES;
				INFOPLIST_KEY_UILaunchScreen_Generation = YES;
				INFOPLIST_KEY_UISupportedInterfaceOrientations_iPad = "UIInterfaceOrientationPortrait UIInterfaceOrientationPortraitUpsideDown UIInterfaceOrientationLandscapeLeft UIInterfaceOrientationLandscapeRight";
				INFOPLIST_KEY_UISupportedInterfaceOrientations_iPhone = "UIInterfaceOrientationPortrait UIInterfaceOrientationLandscapeLeft UIInterfaceOrientationLandscapeRight";
				LD_RUNPATH_SEARCH_PATHS = (
					"$(inherited)",
					"@executable_path/Frameworks",
				);
				MARKETING_VERSION = 1.0;
				PRODUCT_BUNDLE_IDENTIFIER = DucTran.hundredproject;
				PRODUCT_NAME = "$(TARGET_NAME)";
				SWIFT_EMIT_LOC_STRINGS = YES;
				SWIFT_VERSION = 5.0;
				TARGETED_DEVICE_FAMILY = "1,2";
			};
			name = Debug;
		};
		FAC02CCD2C3CE7B40046D846 /* Release */ = {
			isa = XCBuildConfiguration;
			buildSettings = {
				ASSETCATALOG_COMPILER_APPICON_NAME = AppIcon;
				ASSETCATALOG_COMPILER_GLOBAL_ACCENT_COLOR_NAME = AccentColor;
				CODE_SIGN_STYLE = Automatic;
				CURRENT_PROJECT_VERSION = 1;
				DEVELOPMENT_ASSET_PATHS = "\"hundredproject/Preview Content\"";
				DEVELOPMENT_TEAM = M494F4824Q;
				ENABLE_PREVIEWS = YES;
				GENERATE_INFOPLIST_FILE = YES;
				INFOPLIST_KEY_UIApplicationSceneManifest_Generation = YES;
				INFOPLIST_KEY_UIApplicationSupportsIndirectInputEvents = YES;
				INFOPLIST_KEY_UILaunchScreen_Generation = YES;
				INFOPLIST_KEY_UISupportedInterfaceOrientations_iPad = "UIInterfaceOrientationPortrait UIInterfaceOrientationPortraitUpsideDown UIInterfaceOrientationLandscapeLeft UIInterfaceOrientationLandscapeRight";
				INFOPLIST_KEY_UISupportedInterfaceOrientations_iPhone = "UIInterfaceOrientationPortrait UIInterfaceOrientationLandscapeLeft UIInterfaceOrientationLandscapeRight";
				LD_RUNPATH_SEARCH_PATHS = (
					"$(inherited)",
					"@executable_path/Frameworks",
				);
				MARKETING_VERSION = 1.0;
				PRODUCT_BUNDLE_IDENTIFIER = DucTran.hundredproject;
				PRODUCT_NAME = "$(TARGET_NAME)";
				SWIFT_EMIT_LOC_STRINGS = YES;
				SWIFT_VERSION = 5.0;
				TARGETED_DEVICE_FAMILY = "1,2";
			};
			name = Release;
		};
/* End XCBuildConfiguration section */

/* Begin XCConfigurationList section */
		FAC02CB82C3CE7B30046D846 /* Build configuration list for PBXProject "hundredproject" */ = {
			isa = XCConfigurationList;
			buildConfigurations = (
				FAC02CC92C3CE7B40046D846 /* Debug */,
				FAC02CCA2C3CE7B40046D846 /* Release */,
			);
			defaultConfigurationIsVisible = 0;
			defaultConfigurationName = Release;
		};
		FAC02CCB2C3CE7B40046D846 /* Build configuration list for PBXNativeTarget "hundredproject" */ = {
			isa = XCConfigurationList;
			buildConfigurations = (
				FAC02CCC2C3CE7B40046D846 /* Debug */,
				FAC02CCD2C3CE7B40046D846 /* Release */,
			);
			defaultConfigurationIsVisible = 0;
			defaultConfigurationName = Release;
		};
/* End XCConfigurationList section */
	};
	rootObject = FAC02CB52C3CE7B30046D846 /* Project object */;
}
